// !$*UTF8*$!
{
	archiveVersion = 1;
	classes = {
	};
	objectVersion = 55;
	objects = {

/* Begin PBXBuildFile section */
		BB197AF0271E71C0002397DD /* AppDelegate.swift in Sources */ = {isa = PBXBuildFile; fileRef = BB197AEF271E71C0002397DD /* AppDelegate.swift */; };
		BB197AF2271E71C0002397DD /* SceneDelegate.swift in Sources */ = {isa = PBXBuildFile; fileRef = BB197AF1271E71C0002397DD /* SceneDelegate.swift */; };
		BB197AF4271E71C0002397DD /* MediaViewController.swift in Sources */ = {isa = PBXBuildFile; fileRef = BB197AF3271E71C0002397DD /* MediaViewController.swift */; };
		BB197AF9271E71C2002397DD /* Assets.xcassets in Resources */ = {isa = PBXBuildFile; fileRef = BB197AF8271E71C2002397DD /* Assets.xcassets */; };
		BB197AFC271E71C2002397DD /* LaunchScreen.storyboard in Resources */ = {isa = PBXBuildFile; fileRef = BB197AFA271E71C2002397DD /* LaunchScreen.storyboard */; };
		BB197B05271E7299002397DD /* YMLogoAlert in Frameworks */ = {isa = PBXBuildFile; productRef = BB197B04271E7299002397DD /* YMLogoAlert */; };
		BB197B08271E72CC002397DD /* SnapKit in Frameworks */ = {isa = PBXBuildFile; productRef = BB197B07271E72CC002397DD /* SnapKit */; };
		BB197B0A271E7463002397DD /* NavigationController.swift in Sources */ = {isa = PBXBuildFile; fileRef = BB197B09271E7463002397DD /* NavigationController.swift */; };
		BB197B0D271E8C20002397DD /* UIView.swift in Sources */ = {isa = PBXBuildFile; fileRef = BB197B0C271E8C20002397DD /* UIView.swift */; };
		BB197B10271E8CF5002397DD /* SearchViewController.swift in Sources */ = {isa = PBXBuildFile; fileRef = BB197B0F271E8CF5002397DD /* SearchViewController.swift */; };
		BB197B16271E8F06002397DD /* ActorViewController.swift in Sources */ = {isa = PBXBuildFile; fileRef = BB197B15271E8F06002397DD /* ActorViewController.swift */; };
		BB197B18271E901F002397DD /* MediaCell.swift in Sources */ = {isa = PBXBuildFile; fileRef = BB197B17271E901F002397DD /* MediaCell.swift */; };
		BB197B1A271EB3B5002397DD /* SearchCell.swift in Sources */ = {isa = PBXBuildFile; fileRef = BB197B19271EB3B5002397DD /* SearchCell.swift */; };
		BB197B1C271EB3C0002397DD /* ActorCell.swift in Sources */ = {isa = PBXBuildFile; fileRef = BB197B1B271EB3C0002397DD /* ActorCell.swift */; };
		BB197B1E271EBAA9002397DD /* UIColor.swift in Sources */ = {isa = PBXBuildFile; fileRef = BB197B1D271EBAA9002397DD /* UIColor.swift */; };
		BB197B21271ECB0D002397DD /* Kingfisher in Frameworks */ = {isa = PBXBuildFile; productRef = BB197B20271ECB0D002397DD /* Kingfisher */; };
		BB197B23271ECE3D002397DD /* TvShow.swift in Sources */ = {isa = PBXBuildFile; fileRef = BB197B22271ECE3D002397DD /* TvShow.swift */; };
		BB197B25271ECE77002397DD /* MediaViewModel.swift in Sources */ = {isa = PBXBuildFile; fileRef = BB197B24271ECE77002397DD /* MediaViewModel.swift */; };
		BB197B27271EE46C002397DD /* MyMediaViewController.swift in Sources */ = {isa = PBXBuildFile; fileRef = BB197B26271EE46C002397DD /* MyMediaViewController.swift */; };
		BB197B2A271EE63A002397DD /* DataManager.swift in Sources */ = {isa = PBXBuildFile; fileRef = BB197B29271EE63A002397DD /* DataManager.swift */; };
		BB197B2E271EE6E3002397DD /* MyMediaCell.swift in Sources */ = {isa = PBXBuildFile; fileRef = BB197B2D271EE6E3002397DD /* MyMediaCell.swift */; };
		BB197B30271F0E40002397DD /* SummaryCell.swift in Sources */ = {isa = PBXBuildFile; fileRef = BB197B2F271F0E40002397DD /* SummaryCell.swift */; };
		BBD0951827214945003B8470 /* MapViewController.swift in Sources */ = {isa = PBXBuildFile; fileRef = BBD0951727214945003B8470 /* MapViewController.swift */; };
		BBD0951A27216DE0003B8470 /* TheaterLocation.swift in Sources */ = {isa = PBXBuildFile; fileRef = BBD0951927216DE0003B8470 /* TheaterLocation.swift */; };
		BBD0951D27216ECB003B8470 /* TheaterLocationViewModel.swift in Sources */ = {isa = PBXBuildFile; fileRef = BBD0951C27216ECB003B8470 /* TheaterLocationViewModel.swift */; };
		BBD0954827279D3B003B8470 /* SwiftyJSON in Frameworks */ = {isa = PBXBuildFile; productRef = BBD0954727279D3B003B8470 /* SwiftyJSON */; };
		BBD0954B27279D71003B8470 /* Alamofire in Frameworks */ = {isa = PBXBuildFile; productRef = BBD0954A27279D71003B8470 /* Alamofire */; };
		BBD0955A272ABC5C003B8470 /* Secret.swift in Sources */ = {isa = PBXBuildFile; fileRef = BBD09559272ABC5C003B8470 /* Secret.swift */; };
/* End PBXBuildFile section */

/* Begin PBXFileReference section */
		BB197AEC271E71C0002397DD /* TrendMedia.app */ = {isa = PBXFileReference; explicitFileType = wrapper.application; includeInIndex = 0; path = TrendMedia.app; sourceTree = BUILT_PRODUCTS_DIR; };
		BB197AEF271E71C0002397DD /* AppDelegate.swift */ = {isa = PBXFileReference; lastKnownFileType = sourcecode.swift; path = AppDelegate.swift; sourceTree = "<group>"; };
		BB197AF1271E71C0002397DD /* SceneDelegate.swift */ = {isa = PBXFileReference; lastKnownFileType = sourcecode.swift; path = SceneDelegate.swift; sourceTree = "<group>"; };
		BB197AF3271E71C0002397DD /* MediaViewController.swift */ = {isa = PBXFileReference; lastKnownFileType = sourcecode.swift; path = MediaViewController.swift; sourceTree = "<group>"; };
		BB197AF8271E71C2002397DD /* Assets.xcassets */ = {isa = PBXFileReference; lastKnownFileType = folder.assetcatalog; path = Assets.xcassets; sourceTree = "<group>"; };
		BB197AFB271E71C2002397DD /* Base */ = {isa = PBXFileReference; lastKnownFileType = file.storyboard; name = Base; path = Base.lproj/LaunchScreen.storyboard; sourceTree = "<group>"; };
		BB197AFD271E71C2002397DD /* Info.plist */ = {isa = PBXFileReference; lastKnownFileType = text.plist.xml; path = Info.plist; sourceTree = "<group>"; };
		BB197B09271E7463002397DD /* NavigationController.swift */ = {isa = PBXFileReference; lastKnownFileType = sourcecode.swift; path = NavigationController.swift; sourceTree = "<group>"; };
		BB197B0C271E8C20002397DD /* UIView.swift */ = {isa = PBXFileReference; lastKnownFileType = sourcecode.swift; path = UIView.swift; sourceTree = "<group>"; };
		BB197B0F271E8CF5002397DD /* SearchViewController.swift */ = {isa = PBXFileReference; lastKnownFileType = sourcecode.swift; path = SearchViewController.swift; sourceTree = "<group>"; };
		BB197B15271E8F06002397DD /* ActorViewController.swift */ = {isa = PBXFileReference; lastKnownFileType = sourcecode.swift; path = ActorViewController.swift; sourceTree = "<group>"; };
		BB197B17271E901F002397DD /* MediaCell.swift */ = {isa = PBXFileReference; lastKnownFileType = sourcecode.swift; path = MediaCell.swift; sourceTree = "<group>"; };
		BB197B19271EB3B5002397DD /* SearchCell.swift */ = {isa = PBXFileReference; lastKnownFileType = sourcecode.swift; path = SearchCell.swift; sourceTree = "<group>"; };
		BB197B1B271EB3C0002397DD /* ActorCell.swift */ = {isa = PBXFileReference; lastKnownFileType = sourcecode.swift; path = ActorCell.swift; sourceTree = "<group>"; };
		BB197B1D271EBAA9002397DD /* UIColor.swift */ = {isa = PBXFileReference; lastKnownFileType = sourcecode.swift; path = UIColor.swift; sourceTree = "<group>"; };
		BB197B22271ECE3D002397DD /* TvShow.swift */ = {isa = PBXFileReference; lastKnownFileType = sourcecode.swift; path = TvShow.swift; sourceTree = "<group>"; };
		BB197B24271ECE77002397DD /* MediaViewModel.swift */ = {isa = PBXFileReference; lastKnownFileType = sourcecode.swift; path = MediaViewModel.swift; sourceTree = "<group>"; };
		BB197B26271EE46C002397DD /* MyMediaViewController.swift */ = {isa = PBXFileReference; lastKnownFileType = sourcecode.swift; path = MyMediaViewController.swift; sourceTree = "<group>"; };
		BB197B29271EE63A002397DD /* DataManager.swift */ = {isa = PBXFileReference; lastKnownFileType = sourcecode.swift; path = DataManager.swift; sourceTree = "<group>"; };
		BB197B2D271EE6E3002397DD /* MyMediaCell.swift */ = {isa = PBXFileReference; lastKnownFileType = sourcecode.swift; path = MyMediaCell.swift; sourceTree = "<group>"; };
		BB197B2F271F0E40002397DD /* SummaryCell.swift */ = {isa = PBXFileReference; lastKnownFileType = sourcecode.swift; path = SummaryCell.swift; sourceTree = "<group>"; };
		BBD0951727214945003B8470 /* MapViewController.swift */ = {isa = PBXFileReference; lastKnownFileType = sourcecode.swift; path = MapViewController.swift; sourceTree = "<group>"; };
		BBD0951927216DE0003B8470 /* TheaterLocation.swift */ = {isa = PBXFileReference; lastKnownFileType = sourcecode.swift; path = TheaterLocation.swift; sourceTree = "<group>"; };
		BBD0951C27216ECB003B8470 /* TheaterLocationViewModel.swift */ = {isa = PBXFileReference; lastKnownFileType = sourcecode.swift; path = TheaterLocationViewModel.swift; sourceTree = "<group>"; };
		BBD09559272ABC5C003B8470 /* Secret.swift */ = {isa = PBXFileReference; lastKnownFileType = sourcecode.swift; path = Secret.swift; sourceTree = "<group>"; };
/* End PBXFileReference section */

/* Begin PBXFrameworksBuildPhase section */
		BB197AE9271E71C0002397DD /* Frameworks */ = {
			isa = PBXFrameworksBuildPhase;
			buildActionMask = 2147483647;
			files = (
				BBD0954B27279D71003B8470 /* Alamofire in Frameworks */,
				BB197B21271ECB0D002397DD /* Kingfisher in Frameworks */,
				BB197B05271E7299002397DD /* YMLogoAlert in Frameworks */,
				BBD0954827279D3B003B8470 /* SwiftyJSON in Frameworks */,
				BB197B08271E72CC002397DD /* SnapKit in Frameworks */,
			);
			runOnlyForDeploymentPostprocessing = 0;
		};
/* End PBXFrameworksBuildPhase section */

/* Begin PBXGroup section */
		BB197AE3271E71C0002397DD = {
			isa = PBXGroup;
			children = (
				BB197AEE271E71C0002397DD /* TrendMedia */,
				BB197AED271E71C0002397DD /* Products */,
			);
			sourceTree = "<group>";
		};
		BB197AED271E71C0002397DD /* Products */ = {
			isa = PBXGroup;
			children = (
				BB197AEC271E71C0002397DD /* TrendMedia.app */,
			);
			name = Products;
			sourceTree = "<group>";
		};
		BB197AEE271E71C0002397DD /* TrendMedia */ = {
			isa = PBXGroup;
			children = (
				BBD0955B272AFDB1003B8470 /* Secret */,
				BB197B28271EE617002397DD /* Manager */,
				BB197B0E271E8C25002397DD /* Extension */,
				BB197B11271E8D4E002397DD /* View */,
				BB197B12271E8D6C002397DD /* ViewController */,
				BB197B13271E8D79002397DD /* Model */,
				BB197B14271E8D83002397DD /* ViewModel */,
				BB197AEF271E71C0002397DD /* AppDelegate.swift */,
				BB197AF1271E71C0002397DD /* SceneDelegate.swift */,
				BB197AF8271E71C2002397DD /* Assets.xcassets */,
				BB197AFA271E71C2002397DD /* LaunchScreen.storyboard */,
				BB197AFD271E71C2002397DD /* Info.plist */,
			);
			path = TrendMedia;
			sourceTree = "<group>";
		};
		BB197B0E271E8C25002397DD /* Extension */ = {
			isa = PBXGroup;
			children = (
				BB197B0C271E8C20002397DD /* UIView.swift */,
				BB197B1D271EBAA9002397DD /* UIColor.swift */,
			);
			path = Extension;
			sourceTree = "<group>";
		};
		BB197B11271E8D4E002397DD /* View */ = {
			isa = PBXGroup;
			children = (
				BB197B2C271EE6CD002397DD /* CollectionViewCell */,
				BB197B2B271EE6BE002397DD /* TableViewCell */,
			);
			path = View;
			sourceTree = "<group>";
		};
		BB197B12271E8D6C002397DD /* ViewController */ = {
			isa = PBXGroup;
			children = (
				BB197B09271E7463002397DD /* NavigationController.swift */,
				BB197AF3271E71C0002397DD /* MediaViewController.swift */,
				BB197B0F271E8CF5002397DD /* SearchViewController.swift */,
				BB197B15271E8F06002397DD /* ActorViewController.swift */,
				BB197B26271EE46C002397DD /* MyMediaViewController.swift */,
				BBD0951727214945003B8470 /* MapViewController.swift */,
			);
			path = ViewController;
			sourceTree = "<group>";
		};
		BB197B13271E8D79002397DD /* Model */ = {
			isa = PBXGroup;
			children = (
				BB197B22271ECE3D002397DD /* TvShow.swift */,
				BBD0951927216DE0003B8470 /* TheaterLocation.swift */,
			);
			path = Model;
			sourceTree = "<group>";
		};
		BB197B14271E8D83002397DD /* ViewModel */ = {
			isa = PBXGroup;
			children = (
				BB197B24271ECE77002397DD /* MediaViewModel.swift */,
				BBD0951C27216ECB003B8470 /* TheaterLocationViewModel.swift */,
			);
			path = ViewModel;
			sourceTree = "<group>";
		};
		BB197B28271EE617002397DD /* Manager */ = {
			isa = PBXGroup;
			children = (
				BB197B29271EE63A002397DD /* DataManager.swift */,
			);
			path = Manager;
			sourceTree = "<group>";
		};
		BB197B2B271EE6BE002397DD /* TableViewCell */ = {
			isa = PBXGroup;
			children = (
				BB197B1B271EB3C0002397DD /* ActorCell.swift */,
				BB197B19271EB3B5002397DD /* SearchCell.swift */,
				BB197B17271E901F002397DD /* MediaCell.swift */,
				BB197B2F271F0E40002397DD /* SummaryCell.swift */,
			);
			path = TableViewCell;
			sourceTree = "<group>";
		};
		BB197B2C271EE6CD002397DD /* CollectionViewCell */ = {
			isa = PBXGroup;
			children = (
				BB197B2D271EE6E3002397DD /* MyMediaCell.swift */,
			);
			path = CollectionViewCell;
			sourceTree = "<group>";
		};
		BBD0955B272AFDB1003B8470 /* Secret */ = {
			isa = PBXGroup;
			children = (
				BBD09559272ABC5C003B8470 /* Secret.swift */,
			);
			path = Secret;
			sourceTree = "<group>";
		};
/* End PBXGroup section */

/* Begin PBXNativeTarget section */
		BB197AEB271E71C0002397DD /* TrendMedia */ = {
			isa = PBXNativeTarget;
			buildConfigurationList = BB197B00271E71C2002397DD /* Build configuration list for PBXNativeTarget "TrendMedia" */;
			buildPhases = (
				BB197AE8271E71C0002397DD /* Sources */,
				BB197AE9271E71C0002397DD /* Frameworks */,
				BB197AEA271E71C0002397DD /* Resources */,
			);
			buildRules = (
			);
			dependencies = (
			);
			name = TrendMedia;
			packageProductDependencies = (
				BB197B04271E7299002397DD /* YMLogoAlert */,
				BB197B07271E72CC002397DD /* SnapKit */,
				BB197B20271ECB0D002397DD /* Kingfisher */,
				BBD0954727279D3B003B8470 /* SwiftyJSON */,
				BBD0954A27279D71003B8470 /* Alamofire */,
			);
			productName = TrendMedia;
			productReference = BB197AEC271E71C0002397DD /* TrendMedia.app */;
			productType = "com.apple.product-type.application";
		};
/* End PBXNativeTarget section */

/* Begin PBXProject section */
		BB197AE4271E71C0002397DD /* Project object */ = {
			isa = PBXProject;
			attributes = {
				BuildIndependentTargetsInParallel = 1;
				LastSwiftUpdateCheck = 1300;
				LastUpgradeCheck = 1300;
				TargetAttributes = {
					BB197AEB271E71C0002397DD = {
						CreatedOnToolsVersion = 13.0;
					};
				};
			};
			buildConfigurationList = BB197AE7271E71C0002397DD /* Build configuration list for PBXProject "TrendMedia" */;
			compatibilityVersion = "Xcode 13.0";
			developmentRegion = en;
			hasScannedForEncodings = 0;
			knownRegions = (
				en,
				Base,
			);
			mainGroup = BB197AE3271E71C0002397DD;
			packageReferences = (
				BB197B03271E7299002397DD /* XCRemoteSwiftPackageReference "YMLogoAlert" */,
				BB197B06271E72CC002397DD /* XCRemoteSwiftPackageReference "SnapKit" */,
				BB197B1F271ECB0D002397DD /* XCRemoteSwiftPackageReference "Kingfisher" */,
				BBD0954627279D3B003B8470 /* XCRemoteSwiftPackageReference "SwiftyJSON" */,
				BBD0954927279D71003B8470 /* XCRemoteSwiftPackageReference "Alamofire" */,
			);
			productRefGroup = BB197AED271E71C0002397DD /* Products */;
			projectDirPath = "";
			projectRoot = "";
			targets = (
				BB197AEB271E71C0002397DD /* TrendMedia */,
			);
		};
/* End PBXProject section */

/* Begin PBXResourcesBuildPhase section */
		BB197AEA271E71C0002397DD /* Resources */ = {
			isa = PBXResourcesBuildPhase;
			buildActionMask = 2147483647;
			files = (
				BB197AFC271E71C2002397DD /* LaunchScreen.storyboard in Resources */,
				BB197AF9271E71C2002397DD /* Assets.xcassets in Resources */,
			);
			runOnlyForDeploymentPostprocessing = 0;
		};
/* End PBXResourcesBuildPhase section */

/* Begin PBXSourcesBuildPhase section */
		BB197AE8271E71C0002397DD /* Sources */ = {
			isa = PBXSourcesBuildPhase;
			buildActionMask = 2147483647;
			files = (
				BB197B25271ECE77002397DD /* MediaViewModel.swift in Sources */,
				BB197B2A271EE63A002397DD /* DataManager.swift in Sources */,
				BB197B30271F0E40002397DD /* SummaryCell.swift in Sources */,
				BB197B2E271EE6E3002397DD /* MyMediaCell.swift in Sources */,
				BB197B10271E8CF5002397DD /* SearchViewController.swift in Sources */,
				BB197B0D271E8C20002397DD /* UIView.swift in Sources */,
				BB197B18271E901F002397DD /* MediaCell.swift in Sources */,
				BB197B1C271EB3C0002397DD /* ActorCell.swift in Sources */,
				BB197AF4271E71C0002397DD /* MediaViewController.swift in Sources */,
				BB197B1A271EB3B5002397DD /* SearchCell.swift in Sources */,
				BBD0951A27216DE0003B8470 /* TheaterLocation.swift in Sources */,
				BBD0955A272ABC5C003B8470 /* Secret.swift in Sources */,
				BB197B27271EE46C002397DD /* MyMediaViewController.swift in Sources */,
				BB197B23271ECE3D002397DD /* TvShow.swift in Sources */,
				BB197B0A271E7463002397DD /* NavigationController.swift in Sources */,
				BBD0951827214945003B8470 /* MapViewController.swift in Sources */,
				BB197B1E271EBAA9002397DD /* UIColor.swift in Sources */,
				BB197B16271E8F06002397DD /* ActorViewController.swift in Sources */,
				BB197AF0271E71C0002397DD /* AppDelegate.swift in Sources */,
				BB197AF2271E71C0002397DD /* SceneDelegate.swift in Sources */,
				BBD0951D27216ECB003B8470 /* TheaterLocationViewModel.swift in Sources */,
			);
			runOnlyForDeploymentPostprocessing = 0;
		};
/* End PBXSourcesBuildPhase section */

/* Begin PBXVariantGroup section */
		BB197AFA271E71C2002397DD /* LaunchScreen.storyboard */ = {
			isa = PBXVariantGroup;
			children = (
				BB197AFB271E71C2002397DD /* Base */,
			);
			name = LaunchScreen.storyboard;
			sourceTree = "<group>";
		};
/* End PBXVariantGroup section */

/* Begin XCBuildConfiguration section */
		BB197AFE271E71C2002397DD /* Debug */ = {
			isa = XCBuildConfiguration;
			buildSettings = {
				ALWAYS_SEARCH_USER_PATHS = NO;
				CLANG_ANALYZER_NONNULL = YES;
				CLANG_ANALYZER_NUMBER_OBJECT_CONVERSION = YES_AGGRESSIVE;
				CLANG_CXX_LANGUAGE_STANDARD = "gnu++17";
				CLANG_CXX_LIBRARY = "libc++";
				CLANG_ENABLE_MODULES = YES;
				CLANG_ENABLE_OBJC_ARC = YES;
				CLANG_ENABLE_OBJC_WEAK = YES;
				CLANG_WARN_BLOCK_CAPTURE_AUTORELEASING = YES;
				CLANG_WARN_BOOL_CONVERSION = YES;
				CLANG_WARN_COMMA = YES;
				CLANG_WARN_CONSTANT_CONVERSION = YES;
				CLANG_WARN_DEPRECATED_OBJC_IMPLEMENTATIONS = YES;
				CLANG_WARN_DIRECT_OBJC_ISA_USAGE = YES_ERROR;
				CLANG_WARN_DOCUMENTATION_COMMENTS = YES;
				CLANG_WARN_EMPTY_BODY = YES;
				CLANG_WARN_ENUM_CONVERSION = YES;
				CLANG_WARN_INFINITE_RECURSION = YES;
				CLANG_WARN_INT_CONVERSION = YES;
				CLANG_WARN_NON_LITERAL_NULL_CONVERSION = YES;
				CLANG_WARN_OBJC_IMPLICIT_RETAIN_SELF = YES;
				CLANG_WARN_OBJC_LITERAL_CONVERSION = YES;
				CLANG_WARN_OBJC_ROOT_CLASS = YES_ERROR;
				CLANG_WARN_QUOTED_INCLUDE_IN_FRAMEWORK_HEADER = YES;
				CLANG_WARN_RANGE_LOOP_ANALYSIS = YES;
				CLANG_WARN_STRICT_PROTOTYPES = YES;
				CLANG_WARN_SUSPICIOUS_MOVE = YES;
				CLANG_WARN_UNGUARDED_AVAILABILITY = YES_AGGRESSIVE;
				CLANG_WARN_UNREACHABLE_CODE = YES;
				CLANG_WARN__DUPLICATE_METHOD_MATCH = YES;
				COPY_PHASE_STRIP = NO;
				DEBUG_INFORMATION_FORMAT = dwarf;
				ENABLE_STRICT_OBJC_MSGSEND = YES;
				ENABLE_TESTABILITY = YES;
				GCC_C_LANGUAGE_STANDARD = gnu11;
				GCC_DYNAMIC_NO_PIC = NO;
				GCC_NO_COMMON_BLOCKS = YES;
				GCC_OPTIMIZATION_LEVEL = 0;
				GCC_PREPROCESSOR_DEFINITIONS = (
					"DEBUG=1",
					"$(inherited)",
				);
				GCC_WARN_64_TO_32_BIT_CONVERSION = YES;
				GCC_WARN_ABOUT_RETURN_TYPE = YES_ERROR;
				GCC_WARN_UNDECLARED_SELECTOR = YES;
				GCC_WARN_UNINITIALIZED_AUTOS = YES_AGGRESSIVE;
				GCC_WARN_UNUSED_FUNCTION = YES;
				GCC_WARN_UNUSED_VARIABLE = YES;
				IPHONEOS_DEPLOYMENT_TARGET = 13.0;
				MTL_ENABLE_DEBUG_INFO = INCLUDE_SOURCE;
				MTL_FAST_MATH = YES;
				ONLY_ACTIVE_ARCH = YES;
				SDKROOT = iphoneos;
				SWIFT_ACTIVE_COMPILATION_CONDITIONS = DEBUG;
				SWIFT_OPTIMIZATION_LEVEL = "-Onone";
			};
			name = Debug;
		};
		BB197AFF271E71C2002397DD /* Release */ = {
			isa = XCBuildConfiguration;
			buildSettings = {
				ALWAYS_SEARCH_USER_PATHS = NO;
				CLANG_ANALYZER_NONNULL = YES;
				CLANG_ANALYZER_NUMBER_OBJECT_CONVERSION = YES_AGGRESSIVE;
				CLANG_CXX_LANGUAGE_STANDARD = "gnu++17";
				CLANG_CXX_LIBRARY = "libc++";
				CLANG_ENABLE_MODULES = YES;
				CLANG_ENABLE_OBJC_ARC = YES;
				CLANG_ENABLE_OBJC_WEAK = YES;
				CLANG_WARN_BLOCK_CAPTURE_AUTORELEASING = YES;
				CLANG_WARN_BOOL_CONVERSION = YES;
				CLANG_WARN_COMMA = YES;
				CLANG_WARN_CONSTANT_CONVERSION = YES;
				CLANG_WARN_DEPRECATED_OBJC_IMPLEMENTATIONS = YES;
				CLANG_WARN_DIRECT_OBJC_ISA_USAGE = YES_ERROR;
				CLANG_WARN_DOCUMENTATION_COMMENTS = YES;
				CLANG_WARN_EMPTY_BODY = YES;
				CLANG_WARN_ENUM_CONVERSION = YES;
				CLANG_WARN_INFINITE_RECURSION = YES;
				CLANG_WARN_INT_CONVERSION = YES;
				CLANG_WARN_NON_LITERAL_NULL_CONVERSION = YES;
				CLANG_WARN_OBJC_IMPLICIT_RETAIN_SELF = YES;
				CLANG_WARN_OBJC_LITERAL_CONVERSION = YES;
				CLANG_WARN_OBJC_ROOT_CLASS = YES_ERROR;
				CLANG_WARN_QUOTED_INCLUDE_IN_FRAMEWORK_HEADER = YES;
				CLANG_WARN_RANGE_LOOP_ANALYSIS = YES;
				CLANG_WARN_STRICT_PROTOTYPES = YES;
				CLANG_WARN_SUSPICIOUS_MOVE = YES;
				CLANG_WARN_UNGUARDED_AVAILABILITY = YES_AGGRESSIVE;
				CLANG_WARN_UNREACHABLE_CODE = YES;
				CLANG_WARN__DUPLICATE_METHOD_MATCH = YES;
				COPY_PHASE_STRIP = NO;
				DEBUG_INFORMATION_FORMAT = "dwarf-with-dsym";
				ENABLE_NS_ASSERTIONS = NO;
				ENABLE_STRICT_OBJC_MSGSEND = YES;
				GCC_C_LANGUAGE_STANDARD = gnu11;
				GCC_NO_COMMON_BLOCKS = YES;
				GCC_WARN_64_TO_32_BIT_CONVERSION = YES;
				GCC_WARN_ABOUT_RETURN_TYPE = YES_ERROR;
				GCC_WARN_UNDECLARED_SELECTOR = YES;
				GCC_WARN_UNINITIALIZED_AUTOS = YES_AGGRESSIVE;
				GCC_WARN_UNUSED_FUNCTION = YES;
				GCC_WARN_UNUSED_VARIABLE = YES;
				IPHONEOS_DEPLOYMENT_TARGET = 13.0;
				MTL_ENABLE_DEBUG_INFO = NO;
				MTL_FAST_MATH = YES;
				SDKROOT = iphoneos;
				SWIFT_COMPILATION_MODE = wholemodule;
				SWIFT_OPTIMIZATION_LEVEL = "-O";
				VALIDATE_PRODUCT = YES;
			};
			name = Release;
		};
		BB197B01271E71C2002397DD /* Debug */ = {
			isa = XCBuildConfiguration;
			buildSettings = {
				ASSETCATALOG_COMPILER_APPICON_NAME = AppIcon;
				ASSETCATALOG_COMPILER_GLOBAL_ACCENT_COLOR_NAME = AccentColor;
				CODE_SIGN_STYLE = Automatic;
				CURRENT_PROJECT_VERSION = 1;
				DEVELOPMENT_TEAM = UJW8376355;
				GENERATE_INFOPLIST_FILE = YES;
				INFOPLIST_FILE = TrendMedia/Info.plist;
				INFOPLIST_KEY_UIApplicationSupportsIndirectInputEvents = YES;
				INFOPLIST_KEY_UILaunchStoryboardName = LaunchScreen;
				INFOPLIST_KEY_UISupportedInterfaceOrientations_iPad = "UIInterfaceOrientationPortrait UIInterfaceOrientationPortraitUpsideDown UIInterfaceOrientationLandscapeLeft UIInterfaceOrientationLandscapeRight";
				INFOPLIST_KEY_UISupportedInterfaceOrientations_iPhone = "UIInterfaceOrientationPortrait UIInterfaceOrientationLandscapeLeft UIInterfaceOrientationLandscapeRight";
				IPHONEOS_DEPLOYMENT_TARGET = 13.0;
				LD_RUNPATH_SEARCH_PATHS = (
					"$(inherited)",
					"@executable_path/Frameworks",
				);
				MARKETING_VERSION = 1.0;
				PRODUCT_BUNDLE_IDENTIFIER = com.meng.TrendMedia;
				PRODUCT_NAME = "$(TARGET_NAME)";
				SWIFT_EMIT_LOC_STRINGS = YES;
				SWIFT_VERSION = 5.0;
				TARGETED_DEVICE_FAMILY = 1;
			};
			name = Debug;
		};
		BB197B02271E71C2002397DD /* Release */ = {
			isa = XCBuildConfiguration;
			buildSettings = {
				ASSETCATALOG_COMPILER_APPICON_NAME = AppIcon;
				ASSETCATALOG_COMPILER_GLOBAL_ACCENT_COLOR_NAME = AccentColor;
				CODE_SIGN_STYLE = Automatic;
				CURRENT_PROJECT_VERSION = 1;
				DEVELOPMENT_TEAM = UJW8376355;
				GENERATE_INFOPLIST_FILE = YES;
				INFOPLIST_FILE = TrendMedia/Info.plist;
				INFOPLIST_KEY_UIApplicationSupportsIndirectInputEvents = YES;
				INFOPLIST_KEY_UILaunchStoryboardName = LaunchScreen;
				INFOPLIST_KEY_UISupportedInterfaceOrientations_iPad = "UIInterfaceOrientationPortrait UIInterfaceOrientationPortraitUpsideDown UIInterfaceOrientationLandscapeLeft UIInterfaceOrientationLandscapeRight";
				INFOPLIST_KEY_UISupportedInterfaceOrientations_iPhone = "UIInterfaceOrientationPortrait UIInterfaceOrientationLandscapeLeft UIInterfaceOrientationLandscapeRight";
				IPHONEOS_DEPLOYMENT_TARGET = 13.0;
				LD_RUNPATH_SEARCH_PATHS = (
					"$(inherited)",
					"@executable_path/Frameworks",
				);
				MARKETING_VERSION = 1.0;
				PRODUCT_BUNDLE_IDENTIFIER = com.meng.TrendMedia;
				PRODUCT_NAME = "$(TARGET_NAME)";
				SWIFT_EMIT_LOC_STRINGS = YES;
				SWIFT_VERSION = 5.0;
				TARGETED_DEVICE_FAMILY = 1;
			};
			name = Release;
		};
/* End XCBuildConfiguration section */

/* Begin XCConfigurationList section */
		BB197AE7271E71C0002397DD /* Build configuration list for PBXProject "TrendMedia" */ = {
			isa = XCConfigurationList;
			buildConfigurations = (
				BB197AFE271E71C2002397DD /* Debug */,
				BB197AFF271E71C2002397DD /* Release */,
			);
			defaultConfigurationIsVisible = 0;
			defaultConfigurationName = Release;
		};
		BB197B00271E71C2002397DD /* Build configuration list for PBXNativeTarget "TrendMedia" */ = {
			isa = XCConfigurationList;
			buildConfigurations = (
				BB197B01271E71C2002397DD /* Debug */,
				BB197B02271E71C2002397DD /* Release */,
			);
			defaultConfigurationIsVisible = 0;
			defaultConfigurationName = Release;
		};
/* End XCConfigurationList section */

/* Begin XCRemoteSwiftPackageReference section */
		BB197B03271E7299002397DD /* XCRemoteSwiftPackageReference "YMLogoAlert" */ = {
			isa = XCRemoteSwiftPackageReference;
			repositoryURL = "https://github.com/Youngminah/YMLogoAlert";
			requirement = {
				kind = upToNextMajorVersion;
				minimumVersion = 1.0.0;
			};
		};
		BB197B06271E72CC002397DD /* XCRemoteSwiftPackageReference "SnapKit" */ = {
			isa = XCRemoteSwiftPackageReference;
			repositoryURL = "https://github.com/SnapKit/SnapKit.git";
			requirement = {
				kind = upToNextMajorVersion;
				minimumVersion = 5.0.1;
			};
		};
		BB197B1F271ECB0D002397DD /* XCRemoteSwiftPackageReference "Kingfisher" */ = {
			isa = XCRemoteSwiftPackageReference;
			repositoryURL = "https://github.com/onevcat/Kingfisher.git";
			requirement = {
				kind = upToNextMajorVersion;
				minimumVersion = 7.0.0;
			};
		};
		BBD0954627279D3B003B8470 /* XCRemoteSwiftPackageReference "SwiftyJSON" */ = {
			isa = XCRemoteSwiftPackageReference;
			repositoryURL = "https://github.com/SwiftyJSON/SwiftyJSON.git";
			requirement = {
				branch = master;
				kind = branch;
			};
		};
		BBD0954927279D71003B8470 /* XCRemoteSwiftPackageReference "Alamofire" */ = {
			isa = XCRemoteSwiftPackageReference;
			repositoryURL = "https://github.com/Alamofire/Alamofire";
			requirement = {
				kind = upToNextMajorVersion;
				minimumVersion = 5.4.0;
			};
		};
/* End XCRemoteSwiftPackageReference section */

/* Begin XCSwiftPackageProductDependency section */
		BB197B04271E7299002397DD /* YMLogoAlert */ = {
			isa = XCSwiftPackageProductDependency;
			package = BB197B03271E7299002397DD /* XCRemoteSwiftPackageReference "YMLogoAlert" */;
			productName = YMLogoAlert;
		};
		BB197B07271E72CC002397DD /* SnapKit */ = {
			isa = XCSwiftPackageProductDependency;
			package = BB197B06271E72CC002397DD /* XCRemoteSwiftPackageReference "SnapKit" */;
			productName = SnapKit;
		};
		BB197B20271ECB0D002397DD /* Kingfisher */ = {
			isa = XCSwiftPackageProductDependency;
			package = BB197B1F271ECB0D002397DD /* XCRemoteSwiftPackageReference "Kingfisher" */;
			productName = Kingfisher;
		};
		BBD0954727279D3B003B8470 /* SwiftyJSON */ = {
			isa = XCSwiftPackageProductDependency;
			package = BBD0954627279D3B003B8470 /* XCRemoteSwiftPackageReference "SwiftyJSON" */;
			productName = SwiftyJSON;
		};
		BBD0954A27279D71003B8470 /* Alamofire */ = {
			isa = XCSwiftPackageProductDependency;
			package = BBD0954927279D71003B8470 /* XCRemoteSwiftPackageReference "Alamofire" */;
			productName = Alamofire;
		};
/* End XCSwiftPackageProductDependency section */
	};
	rootObject = BB197AE4271E71C0002397DD /* Project object */;
}
