// !$*UTF8*$!
{
	archiveVersion = 1;
	classes = {
	};
	objectVersion = 55;
	objects = {

/* Begin PBXBuildFile section */
		BB1F79EF2786DD0E009FF49A /* EditCommentViewController.swift in Sources */ = {isa = PBXBuildFile; fileRef = BB1F79EE2786DD0E009FF49A /* EditCommentViewController.swift */; };
		BB1F79F22786E14D009FF49A /* EditCommentViewModel.swift in Sources */ = {isa = PBXBuildFile; fileRef = BB1F79F12786E14D009FF49A /* EditCommentViewModel.swift */; };
		BB2C33812782BDB200F48F26 /* AppDelegate.swift in Sources */ = {isa = PBXBuildFile; fileRef = BB2C33802782BDB200F48F26 /* AppDelegate.swift */; };
		BB2C33832782BDB200F48F26 /* SceneDelegate.swift in Sources */ = {isa = PBXBuildFile; fileRef = BB2C33822782BDB200F48F26 /* SceneDelegate.swift */; };
		BB2C33852782BDB200F48F26 /* IntroViewController.swift in Sources */ = {isa = PBXBuildFile; fileRef = BB2C33842782BDB200F48F26 /* IntroViewController.swift */; };
		BB2C338A2782BDB300F48F26 /* Assets.xcassets in Resources */ = {isa = PBXBuildFile; fileRef = BB2C33892782BDB300F48F26 /* Assets.xcassets */; };
		BB2C338D2782BDB300F48F26 /* LaunchScreen.storyboard in Resources */ = {isa = PBXBuildFile; fileRef = BB2C338B2782BDB300F48F26 /* LaunchScreen.storyboard */; };
		BB2C33972782C08400F48F26 /* SnapKit in Frameworks */ = {isa = PBXBuildFile; productRef = BB2C33962782C08400F48F26 /* SnapKit */; };
		BB2C33992782CFFD00F48F26 /* IntroButton.swift in Sources */ = {isa = PBXBuildFile; fileRef = BB2C33982782CFFD00F48F26 /* IntroButton.swift */; };
		BB2C339B2782D5A400F48F26 /* RegisterViewController.swift in Sources */ = {isa = PBXBuildFile; fileRef = BB2C339A2782D5A400F48F26 /* RegisterViewController.swift */; };
		BB2C339D2782D5AF00F48F26 /* LoginViewController.swift in Sources */ = {isa = PBXBuildFile; fileRef = BB2C339C2782D5AF00F48F26 /* LoginViewController.swift */; };
		BB2C33A02782D73600F48F26 /* IntroTextField.swift in Sources */ = {isa = PBXBuildFile; fileRef = BB2C339F2782D73600F48F26 /* IntroTextField.swift */; };
		BB2C33A42782EA0400F48F26 /* HomeViewController.swift in Sources */ = {isa = PBXBuildFile; fileRef = BB2C33A32782EA0400F48F26 /* HomeViewController.swift */; };
		BB2C33A72782EC9500F48F26 /* HomeNavigationController.swift in Sources */ = {isa = PBXBuildFile; fileRef = BB2C33A62782EC9500F48F26 /* HomeNavigationController.swift */; };
		BB2C33A92782ED5600F48F26 /* UIViewController.swift in Sources */ = {isa = PBXBuildFile; fileRef = BB2C33A82782ED5600F48F26 /* UIViewController.swift */; };
		BB2C33AE2782F16B00F48F26 /* PostCell.swift in Sources */ = {isa = PBXBuildFile; fileRef = BB2C33AD2782F16B00F48F26 /* PostCell.swift */; };
		BB2C33B02782FA1C00F48F26 /* ComposePostViewController.swift in Sources */ = {isa = PBXBuildFile; fileRef = BB2C33AF2782FA1C00F48F26 /* ComposePostViewController.swift */; };
		BB2C33B32783035F00F48F26 /* ContentTextView.swift in Sources */ = {isa = PBXBuildFile; fileRef = BB2C33B22783035F00F48F26 /* ContentTextView.swift */; };
		BB2C33B62783037E00F48F26 /* DateLabel.swift in Sources */ = {isa = PBXBuildFile; fileRef = BB2C33B52783037E00F48F26 /* DateLabel.swift */; };
		BB2C33B8278303A100F48F26 /* CommentInfoView.swift in Sources */ = {isa = PBXBuildFile; fileRef = BB2C33B7278303A100F48F26 /* CommentInfoView.swift */; };
		BB2C33BA27830C6300F48F26 /* NickNameLabel.swift in Sources */ = {isa = PBXBuildFile; fileRef = BB2C33B927830C6300F48F26 /* NickNameLabel.swift */; };
		BB2C33BC27830DCB00F48F26 /* SeparatorLineView.swift in Sources */ = {isa = PBXBuildFile; fileRef = BB2C33BB27830DCB00F48F26 /* SeparatorLineView.swift */; };
		BB2C33BE27830EEB00F48F26 /* CommentInputView.swift in Sources */ = {isa = PBXBuildFile; fileRef = BB2C33BD27830EEB00F48F26 /* CommentInputView.swift */; };
		BB2C33C1278363D000F48F26 /* RxCocoa in Frameworks */ = {isa = PBXBuildFile; productRef = BB2C33C0278363D000F48F26 /* RxCocoa */; };
		BB2C33C3278363D000F48F26 /* RxRelay in Frameworks */ = {isa = PBXBuildFile; productRef = BB2C33C2278363D000F48F26 /* RxRelay */; };
		BB2C33C5278363D000F48F26 /* RxSwift in Frameworks */ = {isa = PBXBuildFile; productRef = BB2C33C4278363D000F48F26 /* RxSwift */; };
		BB2C33C727836DE500F48F26 /* AppAppearance.swift in Sources */ = {isa = PBXBuildFile; fileRef = BB2C33C627836DE500F48F26 /* AppAppearance.swift */; };
		BB2C33C92783719500F48F26 /* PostViewController.swift in Sources */ = {isa = PBXBuildFile; fileRef = BB2C33C82783719500F48F26 /* PostViewController.swift */; };
		BB2C33D32784450300F48F26 /* CommentInputTextView.swift in Sources */ = {isa = PBXBuildFile; fileRef = BB2C33D22784450300F48F26 /* CommentInputTextView.swift */; };
		BB2C33D72784550F00F48F26 /* CommentCell.swift in Sources */ = {isa = PBXBuildFile; fileRef = BB2C33D62784550F00F48F26 /* CommentCell.swift */; };
		BB2C33D927845DC500F48F26 /* PostHeaderView.swift in Sources */ = {isa = PBXBuildFile; fileRef = BB2C33D827845DC500F48F26 /* PostHeaderView.swift */; };
		BB2C33DB2784619300F48F26 /* ProfileImageView.swift in Sources */ = {isa = PBXBuildFile; fileRef = BB2C33DA2784619300F48F26 /* ProfileImageView.swift */; };
		BB2C33DD278476F000F48F26 /* BaseTableViewCell.swift in Sources */ = {isa = PBXBuildFile; fileRef = BB2C33DC278476F000F48F26 /* BaseTableViewCell.swift */; };
		BB2C33ED2784879800F48F26 /* LoginViewModel.swift in Sources */ = {isa = PBXBuildFile; fileRef = BB2C33EC2784879800F48F26 /* LoginViewModel.swift */; };
		BB2C33EF278487A600F48F26 /* RegisterViewModel.swift in Sources */ = {isa = PBXBuildFile; fileRef = BB2C33EE278487A600F48F26 /* RegisterViewModel.swift */; };
		BB2C33F127848ADD00F48F26 /* RegisterInfo.swift in Sources */ = {isa = PBXBuildFile; fileRef = BB2C33F027848ADD00F48F26 /* RegisterInfo.swift */; };
		BB2C33F327848FBD00F48F26 /* AppConfiguration.swift in Sources */ = {isa = PBXBuildFile; fileRef = BB2C33F227848FBD00F48F26 /* AppConfiguration.swift */; };
		BB2C33FD2784A07800F48F26 /* RxMoya in Frameworks */ = {isa = PBXBuildFile; productRef = BB2C33FC2784A07800F48F26 /* RxMoya */; };
		BB2C33FF2784A9ED00F48F26 /* SesacTarget.swift in Sources */ = {isa = PBXBuildFile; fileRef = BB2C33FE2784A9ED00F48F26 /* SesacTarget.swift */; };
		BB2C34012784B0B400F48F26 /* NetworkManager.swift in Sources */ = {isa = PBXBuildFile; fileRef = BB2C34002784B0B400F48F26 /* NetworkManager.swift */; };
		BB8801AF27870214001AEDE4 /* PasswordChangeViewController.swift in Sources */ = {isa = PBXBuildFile; fileRef = BB8801AE27870214001AEDE4 /* PasswordChangeViewController.swift */; };
		BBD9FBC52784BCD300D755D5 /* TokenUtils.swift in Sources */ = {isa = PBXBuildFile; fileRef = BBD9FBC42784BCD300D755D5 /* TokenUtils.swift */; };
		BBD9FBCB2785443000D755D5 /* CommonViewModel.swift in Sources */ = {isa = PBXBuildFile; fileRef = BBD9FBCA2785443000D755D5 /* CommonViewModel.swift */; };
		BBD9FBD227858D7300D755D5 /* Toast in Frameworks */ = {isa = PBXBuildFile; productRef = BBD9FBD127858D7300D755D5 /* Toast */; };
		BBD9FBD42785BCDB00D755D5 /* SessacErrorCase.swift in Sources */ = {isa = PBXBuildFile; fileRef = BBD9FBD32785BCDB00D755D5 /* SessacErrorCase.swift */; };
		BBD9FBD62785D11E00D755D5 /* PrimitiveSequence.swift in Sources */ = {isa = PBXBuildFile; fileRef = BBD9FBD52785D11E00D755D5 /* PrimitiveSequence.swift */; };
		BBD9FBDA2785F9E200D755D5 /* InputErrorResponse.swift in Sources */ = {isa = PBXBuildFile; fileRef = BBD9FBD92785F9E200D755D5 /* InputErrorResponse.swift */; };
		BBD9FBDC2786047300D755D5 /* HomeViewModel.swift in Sources */ = {isa = PBXBuildFile; fileRef = BBD9FBDB2786047300D755D5 /* HomeViewModel.swift */; };
		BBD9FBE2278606B700D755D5 /* CommentResponse.swift in Sources */ = {isa = PBXBuildFile; fileRef = BBD9FBE1278606B700D755D5 /* CommentResponse.swift */; };
		BBD9FBE42786071D00D755D5 /* PostResponse.swift in Sources */ = {isa = PBXBuildFile; fileRef = BBD9FBE32786071D00D755D5 /* PostResponse.swift */; };
		BBD9FBE627860C4400D755D5 /* User.swift in Sources */ = {isa = PBXBuildFile; fileRef = BBD9FBE527860C4400D755D5 /* User.swift */; };
		BBD9FBE82786127900D755D5 /* AccessErrorResponse.swift in Sources */ = {isa = PBXBuildFile; fileRef = BBD9FBE72786127900D755D5 /* AccessErrorResponse.swift */; };
		BBD9FBEB27862D3500D755D5 /* ComposePostViewModel.swift in Sources */ = {isa = PBXBuildFile; fileRef = BBD9FBEA27862D3500D755D5 /* ComposePostViewModel.swift */; };
		BBD9FBED2786390A00D755D5 /* PostViewModel.swift in Sources */ = {isa = PBXBuildFile; fileRef = BBD9FBEC2786390A00D755D5 /* PostViewModel.swift */; };
		BBD9FBF12786BA5500D755D5 /* ViewModelType.swift in Sources */ = {isa = PBXBuildFile; fileRef = BBD9FBF02786BA5500D755D5 /* ViewModelType.swift */; };
		BBD9FBF82786C6F900D755D5 /* Date.swift in Sources */ = {isa = PBXBuildFile; fileRef = BBD9FBF72786C6F900D755D5 /* Date.swift */; };
/* End PBXBuildFile section */

/* Begin PBXFileReference section */
		BB1F79EE2786DD0E009FF49A /* EditCommentViewController.swift */ = {isa = PBXFileReference; lastKnownFileType = sourcecode.swift; path = EditCommentViewController.swift; sourceTree = "<group>"; };
		BB1F79F12786E14D009FF49A /* EditCommentViewModel.swift */ = {isa = PBXFileReference; lastKnownFileType = sourcecode.swift; path = EditCommentViewModel.swift; sourceTree = "<group>"; };
		BB2C337D2782BDB200F48F26 /* SesacJandi.app */ = {isa = PBXFileReference; explicitFileType = wrapper.application; includeInIndex = 0; path = SesacJandi.app; sourceTree = BUILT_PRODUCTS_DIR; };
		BB2C33802782BDB200F48F26 /* AppDelegate.swift */ = {isa = PBXFileReference; lastKnownFileType = sourcecode.swift; path = AppDelegate.swift; sourceTree = "<group>"; };
		BB2C33822782BDB200F48F26 /* SceneDelegate.swift */ = {isa = PBXFileReference; lastKnownFileType = sourcecode.swift; path = SceneDelegate.swift; sourceTree = "<group>"; };
		BB2C33842782BDB200F48F26 /* IntroViewController.swift */ = {isa = PBXFileReference; lastKnownFileType = sourcecode.swift; path = IntroViewController.swift; sourceTree = "<group>"; };
		BB2C33892782BDB300F48F26 /* Assets.xcassets */ = {isa = PBXFileReference; lastKnownFileType = folder.assetcatalog; path = Assets.xcassets; sourceTree = "<group>"; };
		BB2C338C2782BDB300F48F26 /* Base */ = {isa = PBXFileReference; lastKnownFileType = file.storyboard; name = Base; path = Base.lproj/LaunchScreen.storyboard; sourceTree = "<group>"; };
		BB2C338E2782BDB300F48F26 /* Info.plist */ = {isa = PBXFileReference; lastKnownFileType = text.plist.xml; path = Info.plist; sourceTree = "<group>"; };
		BB2C33982782CFFD00F48F26 /* IntroButton.swift */ = {isa = PBXFileReference; lastKnownFileType = sourcecode.swift; path = IntroButton.swift; sourceTree = "<group>"; };
		BB2C339A2782D5A400F48F26 /* RegisterViewController.swift */ = {isa = PBXFileReference; lastKnownFileType = sourcecode.swift; path = RegisterViewController.swift; sourceTree = "<group>"; };
		BB2C339C2782D5AF00F48F26 /* LoginViewController.swift */ = {isa = PBXFileReference; lastKnownFileType = sourcecode.swift; path = LoginViewController.swift; sourceTree = "<group>"; };
		BB2C339F2782D73600F48F26 /* IntroTextField.swift */ = {isa = PBXFileReference; lastKnownFileType = sourcecode.swift; path = IntroTextField.swift; sourceTree = "<group>"; };
		BB2C33A32782EA0400F48F26 /* HomeViewController.swift */ = {isa = PBXFileReference; lastKnownFileType = sourcecode.swift; path = HomeViewController.swift; sourceTree = "<group>"; };
		BB2C33A62782EC9500F48F26 /* HomeNavigationController.swift */ = {isa = PBXFileReference; lastKnownFileType = sourcecode.swift; path = HomeNavigationController.swift; sourceTree = "<group>"; };
		BB2C33A82782ED5600F48F26 /* UIViewController.swift */ = {isa = PBXFileReference; lastKnownFileType = sourcecode.swift; path = UIViewController.swift; sourceTree = "<group>"; };
		BB2C33AD2782F16B00F48F26 /* PostCell.swift */ = {isa = PBXFileReference; lastKnownFileType = sourcecode.swift; path = PostCell.swift; sourceTree = "<group>"; };
		BB2C33AF2782FA1C00F48F26 /* ComposePostViewController.swift */ = {isa = PBXFileReference; lastKnownFileType = sourcecode.swift; path = ComposePostViewController.swift; sourceTree = "<group>"; };
		BB2C33B22783035F00F48F26 /* ContentTextView.swift */ = {isa = PBXFileReference; lastKnownFileType = sourcecode.swift; path = ContentTextView.swift; sourceTree = "<group>"; };
		BB2C33B52783037E00F48F26 /* DateLabel.swift */ = {isa = PBXFileReference; lastKnownFileType = sourcecode.swift; path = DateLabel.swift; sourceTree = "<group>"; };
		BB2C33B7278303A100F48F26 /* CommentInfoView.swift */ = {isa = PBXFileReference; lastKnownFileType = sourcecode.swift; path = CommentInfoView.swift; sourceTree = "<group>"; };
		BB2C33B927830C6300F48F26 /* NickNameLabel.swift */ = {isa = PBXFileReference; lastKnownFileType = sourcecode.swift; path = NickNameLabel.swift; sourceTree = "<group>"; };
		BB2C33BB27830DCB00F48F26 /* SeparatorLineView.swift */ = {isa = PBXFileReference; lastKnownFileType = sourcecode.swift; path = SeparatorLineView.swift; sourceTree = "<group>"; };
		BB2C33BD27830EEB00F48F26 /* CommentInputView.swift */ = {isa = PBXFileReference; lastKnownFileType = sourcecode.swift; path = CommentInputView.swift; sourceTree = "<group>"; };
		BB2C33C627836DE500F48F26 /* AppAppearance.swift */ = {isa = PBXFileReference; lastKnownFileType = sourcecode.swift; path = AppAppearance.swift; sourceTree = "<group>"; };
		BB2C33C82783719500F48F26 /* PostViewController.swift */ = {isa = PBXFileReference; lastKnownFileType = sourcecode.swift; path = PostViewController.swift; sourceTree = "<group>"; };
		BB2C33D22784450300F48F26 /* CommentInputTextView.swift */ = {isa = PBXFileReference; lastKnownFileType = sourcecode.swift; path = CommentInputTextView.swift; sourceTree = "<group>"; };
		BB2C33D62784550F00F48F26 /* CommentCell.swift */ = {isa = PBXFileReference; lastKnownFileType = sourcecode.swift; path = CommentCell.swift; sourceTree = "<group>"; };
		BB2C33D827845DC500F48F26 /* PostHeaderView.swift */ = {isa = PBXFileReference; lastKnownFileType = sourcecode.swift; path = PostHeaderView.swift; sourceTree = "<group>"; };
		BB2C33DA2784619300F48F26 /* ProfileImageView.swift */ = {isa = PBXFileReference; lastKnownFileType = sourcecode.swift; path = ProfileImageView.swift; sourceTree = "<group>"; };
		BB2C33DC278476F000F48F26 /* BaseTableViewCell.swift */ = {isa = PBXFileReference; lastKnownFileType = sourcecode.swift; path = BaseTableViewCell.swift; sourceTree = "<group>"; };
		BB2C33EC2784879800F48F26 /* LoginViewModel.swift */ = {isa = PBXFileReference; lastKnownFileType = sourcecode.swift; path = LoginViewModel.swift; sourceTree = "<group>"; };
		BB2C33EE278487A600F48F26 /* RegisterViewModel.swift */ = {isa = PBXFileReference; lastKnownFileType = sourcecode.swift; path = RegisterViewModel.swift; sourceTree = "<group>"; };
		BB2C33F027848ADD00F48F26 /* RegisterInfo.swift */ = {isa = PBXFileReference; lastKnownFileType = sourcecode.swift; path = RegisterInfo.swift; sourceTree = "<group>"; };
		BB2C33F227848FBD00F48F26 /* AppConfiguration.swift */ = {isa = PBXFileReference; lastKnownFileType = sourcecode.swift; path = AppConfiguration.swift; sourceTree = "<group>"; };
		BB2C33FE2784A9ED00F48F26 /* SesacTarget.swift */ = {isa = PBXFileReference; lastKnownFileType = sourcecode.swift; path = SesacTarget.swift; sourceTree = "<group>"; };
		BB2C34002784B0B400F48F26 /* NetworkManager.swift */ = {isa = PBXFileReference; lastKnownFileType = sourcecode.swift; path = NetworkManager.swift; sourceTree = "<group>"; };
		BB8801AE27870214001AEDE4 /* PasswordChangeViewController.swift */ = {isa = PBXFileReference; lastKnownFileType = sourcecode.swift; path = PasswordChangeViewController.swift; sourceTree = "<group>"; };
		BBD9FBC42784BCD300D755D5 /* TokenUtils.swift */ = {isa = PBXFileReference; lastKnownFileType = sourcecode.swift; path = TokenUtils.swift; sourceTree = "<group>"; };
		BBD9FBCA2785443000D755D5 /* CommonViewModel.swift */ = {isa = PBXFileReference; lastKnownFileType = sourcecode.swift; path = CommonViewModel.swift; sourceTree = "<group>"; };
		BBD9FBD32785BCDB00D755D5 /* SessacErrorCase.swift */ = {isa = PBXFileReference; lastKnownFileType = sourcecode.swift; path = SessacErrorCase.swift; sourceTree = "<group>"; };
		BBD9FBD52785D11E00D755D5 /* PrimitiveSequence.swift */ = {isa = PBXFileReference; lastKnownFileType = sourcecode.swift; path = PrimitiveSequence.swift; sourceTree = "<group>"; };
		BBD9FBD92785F9E200D755D5 /* InputErrorResponse.swift */ = {isa = PBXFileReference; lastKnownFileType = sourcecode.swift; path = InputErrorResponse.swift; sourceTree = "<group>"; };
		BBD9FBDB2786047300D755D5 /* HomeViewModel.swift */ = {isa = PBXFileReference; lastKnownFileType = sourcecode.swift; path = HomeViewModel.swift; sourceTree = "<group>"; };
		BBD9FBE1278606B700D755D5 /* CommentResponse.swift */ = {isa = PBXFileReference; lastKnownFileType = sourcecode.swift; path = CommentResponse.swift; sourceTree = "<group>"; };
		BBD9FBE32786071D00D755D5 /* PostResponse.swift */ = {isa = PBXFileReference; lastKnownFileType = sourcecode.swift; path = PostResponse.swift; sourceTree = "<group>"; };
		BBD9FBE527860C4400D755D5 /* User.swift */ = {isa = PBXFileReference; lastKnownFileType = sourcecode.swift; path = User.swift; sourceTree = "<group>"; };
		BBD9FBE72786127900D755D5 /* AccessErrorResponse.swift */ = {isa = PBXFileReference; lastKnownFileType = sourcecode.swift; path = AccessErrorResponse.swift; sourceTree = "<group>"; };
		BBD9FBEA27862D3500D755D5 /* ComposePostViewModel.swift */ = {isa = PBXFileReference; lastKnownFileType = sourcecode.swift; path = ComposePostViewModel.swift; sourceTree = "<group>"; };
		BBD9FBEC2786390A00D755D5 /* PostViewModel.swift */ = {isa = PBXFileReference; lastKnownFileType = sourcecode.swift; path = PostViewModel.swift; sourceTree = "<group>"; };
		BBD9FBF02786BA5500D755D5 /* ViewModelType.swift */ = {isa = PBXFileReference; lastKnownFileType = sourcecode.swift; path = ViewModelType.swift; sourceTree = "<group>"; };
		BBD9FBF72786C6F900D755D5 /* Date.swift */ = {isa = PBXFileReference; lastKnownFileType = sourcecode.swift; path = Date.swift; sourceTree = "<group>"; };
/* End PBXFileReference section */

/* Begin PBXFrameworksBuildPhase section */
		BB2C337A2782BDB200F48F26 /* Frameworks */ = {
			isa = PBXFrameworksBuildPhase;
			buildActionMask = 2147483647;
			files = (
				BBD9FBD227858D7300D755D5 /* Toast in Frameworks */,
				BB2C33FD2784A07800F48F26 /* RxMoya in Frameworks */,
				BB2C33C3278363D000F48F26 /* RxRelay in Frameworks */,
				BB2C33C1278363D000F48F26 /* RxCocoa in Frameworks */,
				BB2C33C5278363D000F48F26 /* RxSwift in Frameworks */,
				BB2C33972782C08400F48F26 /* SnapKit in Frameworks */,
			);
			runOnlyForDeploymentPostprocessing = 0;
		};
/* End PBXFrameworksBuildPhase section */

/* Begin PBXGroup section */
		BB2C33742782BDB200F48F26 = {
			isa = PBXGroup;
			children = (
				BB2C337F2782BDB200F48F26 /* SesacJandi */,
				BB2C337E2782BDB200F48F26 /* Products */,
			);
			sourceTree = "<group>";
		};
		BB2C337E2782BDB200F48F26 /* Products */ = {
			isa = PBXGroup;
			children = (
				BB2C337D2782BDB200F48F26 /* SesacJandi.app */,
			);
			name = Products;
			sourceTree = "<group>";
		};
		BB2C337F2782BDB200F48F26 /* SesacJandi */ = {
			isa = PBXGroup;
			children = (
				BB2C33DE27847D5700F48F26 /* Application */,
				BB2C33E7278485E800F48F26 /* Domain */,
				BB2C33E0278481B000F48F26 /* Presentation */,
				BB2C33E6278485D700F48F26 /* Data */,
				BB2C338E2782BDB300F48F26 /* Info.plist */,
				BB2C338B2782BDB300F48F26 /* LaunchScreen.storyboard */,
				BB2C33892782BDB300F48F26 /* Assets.xcassets */,
				BB2C33802782BDB200F48F26 /* AppDelegate.swift */,
				BB2C33822782BDB200F48F26 /* SceneDelegate.swift */,
			);
			path = SesacJandi;
			sourceTree = "<group>";
		};
		BB2C339E2782D70F00F48F26 /* CustomView */ = {
			isa = PBXGroup;
			children = (
				BB2C33E12784825600F48F26 /* Button */,
				BB2C33D42784492800F48F26 /* TextView */,
				BB2C33D52784493F00F48F26 /* Label */,
				BB2C33E22784826D00F48F26 /* TextField */,
				BB2C33E32784827500F48F26 /* ImageView */,
				BB2C33DC278476F000F48F26 /* BaseTableViewCell.swift */,
				BB2C33BD27830EEB00F48F26 /* CommentInputView.swift */,
				BB2C33B7278303A100F48F26 /* CommentInfoView.swift */,
				BB2C33BB27830DCB00F48F26 /* SeparatorLineView.swift */,
			);
			path = CustomView;
			sourceTree = "<group>";
		};
		BB2C33AA2782ED6500F48F26 /* Extension */ = {
			isa = PBXGroup;
			children = (
				BB2C33A82782ED5600F48F26 /* UIViewController.swift */,
				BBD9FBF72786C6F900D755D5 /* Date.swift */,
			);
			path = Extension;
			sourceTree = "<group>";
		};
		BB2C33D42784492800F48F26 /* TextView */ = {
			isa = PBXGroup;
			children = (
				BB2C33B22783035F00F48F26 /* ContentTextView.swift */,
				BB2C33D22784450300F48F26 /* CommentInputTextView.swift */,
			);
			path = TextView;
			sourceTree = "<group>";
		};
		BB2C33D52784493F00F48F26 /* Label */ = {
			isa = PBXGroup;
			children = (
				BB2C33B927830C6300F48F26 /* NickNameLabel.swift */,
				BB2C33B52783037E00F48F26 /* DateLabel.swift */,
			);
			path = Label;
			sourceTree = "<group>";
		};
		BB2C33DE27847D5700F48F26 /* Application */ = {
			isa = PBXGroup;
			children = (
				BB2C33C627836DE500F48F26 /* AppAppearance.swift */,
				BB2C33F227848FBD00F48F26 /* AppConfiguration.swift */,
				BBD9FBC42784BCD300D755D5 /* TokenUtils.swift */,
			);
			path = Application;
			sourceTree = "<group>";
		};
		BB2C33DF27847DAB00F48F26 /* Model */ = {
			isa = PBXGroup;
			children = (
				BB2C33F027848ADD00F48F26 /* RegisterInfo.swift */,
				BBD9FBE527860C4400D755D5 /* User.swift */,
				BBD9FBE32786071D00D755D5 /* PostResponse.swift */,
				BBD9FBE1278606B700D755D5 /* CommentResponse.swift */,
				BBD9FBE9278612A700D755D5 /* ErrorResponse */,
			);
			path = Model;
			sourceTree = "<group>";
		};
		BB2C33E0278481B000F48F26 /* Presentation */ = {
			isa = PBXGroup;
			children = (
				BBD9FBD82785F97600D755D5 /* Support */,
				BB2C339E2782D70F00F48F26 /* CustomView */,
				BB2C33AA2782ED6500F48F26 /* Extension */,
				BBD9FBD72785D12600D755D5 /* RxExtension */,
				BB2C33E92784864E00F48F26 /* Intro */,
				BB2C33EA278486D900F48F26 /* Home */,
			);
			path = Presentation;
			sourceTree = "<group>";
		};
		BB2C33E12784825600F48F26 /* Button */ = {
			isa = PBXGroup;
			children = (
				BB2C33982782CFFD00F48F26 /* IntroButton.swift */,
			);
			path = Button;
			sourceTree = "<group>";
		};
		BB2C33E22784826D00F48F26 /* TextField */ = {
			isa = PBXGroup;
			children = (
				BB2C339F2782D73600F48F26 /* IntroTextField.swift */,
			);
			path = TextField;
			sourceTree = "<group>";
		};
		BB2C33E32784827500F48F26 /* ImageView */ = {
			isa = PBXGroup;
			children = (
				BB2C33DA2784619300F48F26 /* ProfileImageView.swift */,
			);
			path = ImageView;
			sourceTree = "<group>";
		};
		BB2C33E6278485D700F48F26 /* Data */ = {
			isa = PBXGroup;
			children = (
				BB2C33EB278486F200F48F26 /* Network */,
			);
			path = Data;
			sourceTree = "<group>";
		};
		BB2C33E7278485E800F48F26 /* Domain */ = {
			isa = PBXGroup;
			children = (
				BB2C33DF27847DAB00F48F26 /* Model */,
			);
			path = Domain;
			sourceTree = "<group>";
		};
		BB2C33E92784864E00F48F26 /* Intro */ = {
			isa = PBXGroup;
			children = (
				BBD9FBF32786BC1D00D755D5 /* View */,
				BBD9FBF22786BC1000D755D5 /* ViewModel */,
			);
			path = Intro;
			sourceTree = "<group>";
		};
		BB2C33EA278486D900F48F26 /* Home */ = {
			isa = PBXGroup;
			children = (
				BBD9FBF52786BC3C00D755D5 /* View */,
				BBD9FBF42786BC3600D755D5 /* ViewModel */,
			);
			path = Home;
			sourceTree = "<group>";
		};
		BB2C33EB278486F200F48F26 /* Network */ = {
			isa = PBXGroup;
			children = (
				BB2C33FE2784A9ED00F48F26 /* SesacTarget.swift */,
				BB2C34002784B0B400F48F26 /* NetworkManager.swift */,
				BBD9FBD32785BCDB00D755D5 /* SessacErrorCase.swift */,
			);
			path = Network;
			sourceTree = "<group>";
		};
		BBD9FBD72785D12600D755D5 /* RxExtension */ = {
			isa = PBXGroup;
			children = (
				BBD9FBD52785D11E00D755D5 /* PrimitiveSequence.swift */,
			);
			path = RxExtension;
			sourceTree = "<group>";
		};
		BBD9FBD82785F97600D755D5 /* Support */ = {
			isa = PBXGroup;
			children = (
				BBD9FBCA2785443000D755D5 /* CommonViewModel.swift */,
				BBD9FBF02786BA5500D755D5 /* ViewModelType.swift */,
			);
			path = Support;
			sourceTree = "<group>";
		};
		BBD9FBE9278612A700D755D5 /* ErrorResponse */ = {
			isa = PBXGroup;
			children = (
				BBD9FBD92785F9E200D755D5 /* InputErrorResponse.swift */,
				BBD9FBE72786127900D755D5 /* AccessErrorResponse.swift */,
			);
			path = ErrorResponse;
			sourceTree = "<group>";
		};
		BBD9FBF22786BC1000D755D5 /* ViewModel */ = {
			isa = PBXGroup;
			children = (
				BB2C33EE278487A600F48F26 /* RegisterViewModel.swift */,
				BB2C33EC2784879800F48F26 /* LoginViewModel.swift */,
			);
			path = ViewModel;
			sourceTree = "<group>";
		};
		BBD9FBF32786BC1D00D755D5 /* View */ = {
			isa = PBXGroup;
			children = (
				BB2C33842782BDB200F48F26 /* IntroViewController.swift */,
				BB2C339A2782D5A400F48F26 /* RegisterViewController.swift */,
				BB2C339C2782D5AF00F48F26 /* LoginViewController.swift */,
				BB8801AE27870214001AEDE4 /* PasswordChangeViewController.swift */,
			);
			path = View;
			sourceTree = "<group>";
		};
		BBD9FBF42786BC3600D755D5 /* ViewModel */ = {
			isa = PBXGroup;
			children = (
				BBD9FBDB2786047300D755D5 /* HomeViewModel.swift */,
				BBD9FBEA27862D3500D755D5 /* ComposePostViewModel.swift */,
				BBD9FBEC2786390A00D755D5 /* PostViewModel.swift */,
				BB1F79F12786E14D009FF49A /* EditCommentViewModel.swift */,
			);
			path = ViewModel;
			sourceTree = "<group>";
		};
		BBD9FBF52786BC3C00D755D5 /* View */ = {
			isa = PBXGroup;
			children = (
				BBD9FBF62786BC5300D755D5 /* Cell */,
				BB2C33A62782EC9500F48F26 /* HomeNavigationController.swift */,
				BB2C33A32782EA0400F48F26 /* HomeViewController.swift */,
				BB2C33C82783719500F48F26 /* PostViewController.swift */,
				BB2C33AF2782FA1C00F48F26 /* ComposePostViewController.swift */,
				BB1F79EE2786DD0E009FF49A /* EditCommentViewController.swift */,
			);
			path = View;
			sourceTree = "<group>";
		};
		BBD9FBF62786BC5300D755D5 /* Cell */ = {
			isa = PBXGroup;
			children = (
				BB2C33AD2782F16B00F48F26 /* PostCell.swift */,
				BB2C33D62784550F00F48F26 /* CommentCell.swift */,
				BB2C33D827845DC500F48F26 /* PostHeaderView.swift */,
			);
			path = Cell;
			sourceTree = "<group>";
		};
/* End PBXGroup section */

/* Begin PBXNativeTarget section */
		BB2C337C2782BDB200F48F26 /* SesacJandi */ = {
			isa = PBXNativeTarget;
			buildConfigurationList = BB2C33912782BDB300F48F26 /* Build configuration list for PBXNativeTarget "SesacJandi" */;
			buildPhases = (
				BB2C33792782BDB200F48F26 /* Sources */,
				BB2C337A2782BDB200F48F26 /* Frameworks */,
				BB2C337B2782BDB200F48F26 /* Resources */,
			);
			buildRules = (
			);
			dependencies = (
			);
			name = SesacJandi;
			packageProductDependencies = (
				BB2C33962782C08400F48F26 /* SnapKit */,
				BB2C33C0278363D000F48F26 /* RxCocoa */,
				BB2C33C2278363D000F48F26 /* RxRelay */,
				BB2C33C4278363D000F48F26 /* RxSwift */,
				BB2C33FC2784A07800F48F26 /* RxMoya */,
				BBD9FBD127858D7300D755D5 /* Toast */,
			);
			productName = SesacJandi;
			productReference = BB2C337D2782BDB200F48F26 /* SesacJandi.app */;
			productType = "com.apple.product-type.application";
		};
/* End PBXNativeTarget section */

/* Begin PBXProject section */
		BB2C33752782BDB200F48F26 /* Project object */ = {
			isa = PBXProject;
			attributes = {
				BuildIndependentTargetsInParallel = 1;
				LastSwiftUpdateCheck = 1310;
				LastUpgradeCheck = 1310;
				TargetAttributes = {
					BB2C337C2782BDB200F48F26 = {
						CreatedOnToolsVersion = 13.1;
					};
				};
			};
			buildConfigurationList = BB2C33782782BDB200F48F26 /* Build configuration list for PBXProject "SesacJandi" */;
			compatibilityVersion = "Xcode 13.0";
			developmentRegion = en;
			hasScannedForEncodings = 0;
			knownRegions = (
				en,
				Base,
			);
			mainGroup = BB2C33742782BDB200F48F26;
			packageReferences = (
				BB2C33952782C08400F48F26 /* XCRemoteSwiftPackageReference "SnapKit" */,
				BB2C33BF278363D000F48F26 /* XCRemoteSwiftPackageReference "RxSwift" */,
				BB2C33FB2784A07800F48F26 /* XCRemoteSwiftPackageReference "Moya" */,
				BBD9FBD027858D7300D755D5 /* XCRemoteSwiftPackageReference "Toast-Swift" */,
			);
			productRefGroup = BB2C337E2782BDB200F48F26 /* Products */;
			projectDirPath = "";
			projectRoot = "";
			targets = (
				BB2C337C2782BDB200F48F26 /* SesacJandi */,
			);
		};
/* End PBXProject section */

/* Begin PBXResourcesBuildPhase section */
		BB2C337B2782BDB200F48F26 /* Resources */ = {
			isa = PBXResourcesBuildPhase;
			buildActionMask = 2147483647;
			files = (
				BB2C338D2782BDB300F48F26 /* LaunchScreen.storyboard in Resources */,
				BB2C338A2782BDB300F48F26 /* Assets.xcassets in Resources */,
			);
			runOnlyForDeploymentPostprocessing = 0;
		};
/* End PBXResourcesBuildPhase section */

/* Begin PBXSourcesBuildPhase section */
		BB2C33792782BDB200F48F26 /* Sources */ = {
			isa = PBXSourcesBuildPhase;
			buildActionMask = 2147483647;
			files = (
				BBD9FBF12786BA5500D755D5 /* ViewModelType.swift in Sources */,
				BBD9FBED2786390A00D755D5 /* PostViewModel.swift in Sources */,
				BBD9FBDA2785F9E200D755D5 /* InputErrorResponse.swift in Sources */,
				BB2C33DB2784619300F48F26 /* ProfileImageView.swift in Sources */,
				BBD9FBE627860C4400D755D5 /* User.swift in Sources */,
				BB2C33C92783719500F48F26 /* PostViewController.swift in Sources */,
				BB1F79F22786E14D009FF49A /* EditCommentViewModel.swift in Sources */,
				BB2C33B62783037E00F48F26 /* DateLabel.swift in Sources */,
				BB2C33DD278476F000F48F26 /* BaseTableViewCell.swift in Sources */,
				BB8801AF27870214001AEDE4 /* PasswordChangeViewController.swift in Sources */,
				BB2C33FF2784A9ED00F48F26 /* SesacTarget.swift in Sources */,
				BB2C339D2782D5AF00F48F26 /* LoginViewController.swift in Sources */,
				BB2C33D72784550F00F48F26 /* CommentCell.swift in Sources */,
				BB2C33992782CFFD00F48F26 /* IntroButton.swift in Sources */,
				BB2C33C727836DE500F48F26 /* AppAppearance.swift in Sources */,
				BB2C33ED2784879800F48F26 /* LoginViewModel.swift in Sources */,
				BB2C34012784B0B400F48F26 /* NetworkManager.swift in Sources */,
				BBD9FBD42785BCDB00D755D5 /* SessacErrorCase.swift in Sources */,
				BBD9FBF82786C6F900D755D5 /* Date.swift in Sources */,
				BB2C339B2782D5A400F48F26 /* RegisterViewController.swift in Sources */,
				BB2C33BA27830C6300F48F26 /* NickNameLabel.swift in Sources */,
				BB2C33B02782FA1C00F48F26 /* ComposePostViewController.swift in Sources */,
				BB1F79EF2786DD0E009FF49A /* EditCommentViewController.swift in Sources */,
				BB2C33A42782EA0400F48F26 /* HomeViewController.swift in Sources */,
				BBD9FBEB27862D3500D755D5 /* ComposePostViewModel.swift in Sources */,
				BB2C33D927845DC500F48F26 /* PostHeaderView.swift in Sources */,
				BB2C33BE27830EEB00F48F26 /* CommentInputView.swift in Sources */,
				BBD9FBE42786071D00D755D5 /* PostResponse.swift in Sources */,
				BB2C33A72782EC9500F48F26 /* HomeNavigationController.swift in Sources */,
				BB2C33EF278487A600F48F26 /* RegisterViewModel.swift in Sources */,
				BB2C33B32783035F00F48F26 /* ContentTextView.swift in Sources */,
				BB2C33A02782D73600F48F26 /* IntroTextField.swift in Sources */,
				BBD9FBE2278606B700D755D5 /* CommentResponse.swift in Sources */,
				BBD9FBCB2785443000D755D5 /* CommonViewModel.swift in Sources */,
				BB2C33852782BDB200F48F26 /* IntroViewController.swift in Sources */,
				BB2C33BC27830DCB00F48F26 /* SeparatorLineView.swift in Sources */,
				BBD9FBD62785D11E00D755D5 /* PrimitiveSequence.swift in Sources */,
				BBD9FBE82786127900D755D5 /* AccessErrorResponse.swift in Sources */,
				BB2C33812782BDB200F48F26 /* AppDelegate.swift in Sources */,
				BB2C33F327848FBD00F48F26 /* AppConfiguration.swift in Sources */,
				BB2C33AE2782F16B00F48F26 /* PostCell.swift in Sources */,
				BB2C33D32784450300F48F26 /* CommentInputTextView.swift in Sources */,
				BB2C33A92782ED5600F48F26 /* UIViewController.swift in Sources */,
				BBD9FBDC2786047300D755D5 /* HomeViewModel.swift in Sources */,
				BB2C33832782BDB200F48F26 /* SceneDelegate.swift in Sources */,
				BBD9FBC52784BCD300D755D5 /* TokenUtils.swift in Sources */,
				BB2C33F127848ADD00F48F26 /* RegisterInfo.swift in Sources */,
				BB2C33B8278303A100F48F26 /* CommentInfoView.swift in Sources */,
			);
			runOnlyForDeploymentPostprocessing = 0;
		};
/* End PBXSourcesBuildPhase section */

/* Begin PBXVariantGroup section */
		BB2C338B2782BDB300F48F26 /* LaunchScreen.storyboard */ = {
			isa = PBXVariantGroup;
			children = (
				BB2C338C2782BDB300F48F26 /* Base */,
			);
			name = LaunchScreen.storyboard;
			sourceTree = "<group>";
		};
/* End PBXVariantGroup section */

/* Begin XCBuildConfiguration section */
		BB2C338F2782BDB300F48F26 /* Debug */ = {
			isa = XCBuildConfiguration;
			buildSettings = {
				ALWAYS_SEARCH_USER_PATHS = NO;
				CLANG_ANALYZER_NONNULL = YES;
				CLANG_ANALYZER_NUMBER_OBJECT_CONVERSION = YES_AGGRESSIVE;
				CLANG_CXX_LANGUAGE_STANDARD = "gnu++17";
				CLANG_CXX_LIBRARY = "libc++";
				CLANG_ENABLE_MODULES = YES;
				CLANG_ENABLE_OBJC_ARC = YES;
				CLANG_ENABLE_OBJC_WEAK = YES;
				CLANG_WARN_BLOCK_CAPTURE_AUTORELEASING = YES;
				CLANG_WARN_BOOL_CONVERSION = YES;
				CLANG_WARN_COMMA = YES;
				CLANG_WARN_CONSTANT_CONVERSION = YES;
				CLANG_WARN_DEPRECATED_OBJC_IMPLEMENTATIONS = YES;
				CLANG_WARN_DIRECT_OBJC_ISA_USAGE = YES_ERROR;
				CLANG_WARN_DOCUMENTATION_COMMENTS = YES;
				CLANG_WARN_EMPTY_BODY = YES;
				CLANG_WARN_ENUM_CONVERSION = YES;
				CLANG_WARN_INFINITE_RECURSION = YES;
				CLANG_WARN_INT_CONVERSION = YES;
				CLANG_WARN_NON_LITERAL_NULL_CONVERSION = YES;
				CLANG_WARN_OBJC_IMPLICIT_RETAIN_SELF = YES;
				CLANG_WARN_OBJC_LITERAL_CONVERSION = YES;
				CLANG_WARN_OBJC_ROOT_CLASS = YES_ERROR;
				CLANG_WARN_QUOTED_INCLUDE_IN_FRAMEWORK_HEADER = YES;
				CLANG_WARN_RANGE_LOOP_ANALYSIS = YES;
				CLANG_WARN_STRICT_PROTOTYPES = YES;
				CLANG_WARN_SUSPICIOUS_MOVE = YES;
				CLANG_WARN_UNGUARDED_AVAILABILITY = YES_AGGRESSIVE;
				CLANG_WARN_UNREACHABLE_CODE = YES;
				CLANG_WARN__DUPLICATE_METHOD_MATCH = YES;
				COPY_PHASE_STRIP = NO;
				DEBUG_INFORMATION_FORMAT = dwarf;
				ENABLE_STRICT_OBJC_MSGSEND = YES;
				ENABLE_TESTABILITY = YES;
				GCC_C_LANGUAGE_STANDARD = gnu11;
				GCC_DYNAMIC_NO_PIC = NO;
				GCC_NO_COMMON_BLOCKS = YES;
				GCC_OPTIMIZATION_LEVEL = 0;
				GCC_PREPROCESSOR_DEFINITIONS = (
					"DEBUG=1",
					"$(inherited)",
				);
				GCC_WARN_64_TO_32_BIT_CONVERSION = YES;
				GCC_WARN_ABOUT_RETURN_TYPE = YES_ERROR;
				GCC_WARN_UNDECLARED_SELECTOR = YES;
				GCC_WARN_UNINITIALIZED_AUTOS = YES_AGGRESSIVE;
				GCC_WARN_UNUSED_FUNCTION = YES;
				GCC_WARN_UNUSED_VARIABLE = YES;
				IPHONEOS_DEPLOYMENT_TARGET = 13.0;
				MTL_ENABLE_DEBUG_INFO = INCLUDE_SOURCE;
				MTL_FAST_MATH = YES;
				ONLY_ACTIVE_ARCH = YES;
				SDKROOT = iphoneos;
				SWIFT_ACTIVE_COMPILATION_CONDITIONS = DEBUG;
				SWIFT_OPTIMIZATION_LEVEL = "-Onone";
			};
			name = Debug;
		};
		BB2C33902782BDB300F48F26 /* Release */ = {
			isa = XCBuildConfiguration;
			buildSettings = {
				ALWAYS_SEARCH_USER_PATHS = NO;
				CLANG_ANALYZER_NONNULL = YES;
				CLANG_ANALYZER_NUMBER_OBJECT_CONVERSION = YES_AGGRESSIVE;
				CLANG_CXX_LANGUAGE_STANDARD = "gnu++17";
				CLANG_CXX_LIBRARY = "libc++";
				CLANG_ENABLE_MODULES = YES;
				CLANG_ENABLE_OBJC_ARC = YES;
				CLANG_ENABLE_OBJC_WEAK = YES;
				CLANG_WARN_BLOCK_CAPTURE_AUTORELEASING = YES;
				CLANG_WARN_BOOL_CONVERSION = YES;
				CLANG_WARN_COMMA = YES;
				CLANG_WARN_CONSTANT_CONVERSION = YES;
				CLANG_WARN_DEPRECATED_OBJC_IMPLEMENTATIONS = YES;
				CLANG_WARN_DIRECT_OBJC_ISA_USAGE = YES_ERROR;
				CLANG_WARN_DOCUMENTATION_COMMENTS = YES;
				CLANG_WARN_EMPTY_BODY = YES;
				CLANG_WARN_ENUM_CONVERSION = YES;
				CLANG_WARN_INFINITE_RECURSION = YES;
				CLANG_WARN_INT_CONVERSION = YES;
				CLANG_WARN_NON_LITERAL_NULL_CONVERSION = YES;
				CLANG_WARN_OBJC_IMPLICIT_RETAIN_SELF = YES;
				CLANG_WARN_OBJC_LITERAL_CONVERSION = YES;
				CLANG_WARN_OBJC_ROOT_CLASS = YES_ERROR;
				CLANG_WARN_QUOTED_INCLUDE_IN_FRAMEWORK_HEADER = YES;
				CLANG_WARN_RANGE_LOOP_ANALYSIS = YES;
				CLANG_WARN_STRICT_PROTOTYPES = YES;
				CLANG_WARN_SUSPICIOUS_MOVE = YES;
				CLANG_WARN_UNGUARDED_AVAILABILITY = YES_AGGRESSIVE;
				CLANG_WARN_UNREACHABLE_CODE = YES;
				CLANG_WARN__DUPLICATE_METHOD_MATCH = YES;
				COPY_PHASE_STRIP = NO;
				DEBUG_INFORMATION_FORMAT = "dwarf-with-dsym";
				ENABLE_NS_ASSERTIONS = NO;
				ENABLE_STRICT_OBJC_MSGSEND = YES;
				GCC_C_LANGUAGE_STANDARD = gnu11;
				GCC_NO_COMMON_BLOCKS = YES;
				GCC_WARN_64_TO_32_BIT_CONVERSION = YES;
				GCC_WARN_ABOUT_RETURN_TYPE = YES_ERROR;
				GCC_WARN_UNDECLARED_SELECTOR = YES;
				GCC_WARN_UNINITIALIZED_AUTOS = YES_AGGRESSIVE;
				GCC_WARN_UNUSED_FUNCTION = YES;
				GCC_WARN_UNUSED_VARIABLE = YES;
				IPHONEOS_DEPLOYMENT_TARGET = 13.0;
				MTL_ENABLE_DEBUG_INFO = NO;
				MTL_FAST_MATH = YES;
				SDKROOT = iphoneos;
				SWIFT_COMPILATION_MODE = wholemodule;
				SWIFT_OPTIMIZATION_LEVEL = "-O";
				VALIDATE_PRODUCT = YES;
			};
			name = Release;
		};
		BB2C33922782BDB300F48F26 /* Debug */ = {
			isa = XCBuildConfiguration;
			buildSettings = {
				ASSETCATALOG_COMPILER_APPICON_NAME = AppIcon;
				ASSETCATALOG_COMPILER_GLOBAL_ACCENT_COLOR_NAME = AccentColor;
				CODE_SIGN_STYLE = Automatic;
				CURRENT_PROJECT_VERSION = 1;
				DEVELOPMENT_TEAM = UJW8376355;
				GENERATE_INFOPLIST_FILE = YES;
				INFOPLIST_FILE = SesacJandi/Info.plist;
				INFOPLIST_KEY_UIApplicationSupportsIndirectInputEvents = YES;
				INFOPLIST_KEY_UILaunchStoryboardName = LaunchScreen;
				INFOPLIST_KEY_UISupportedInterfaceOrientations = UIInterfaceOrientationPortrait;
				INFOPLIST_KEY_UISupportedInterfaceOrientations_iPad = "UIInterfaceOrientationPortrait UIInterfaceOrientationPortraitUpsideDown UIInterfaceOrientationLandscapeLeft UIInterfaceOrientationLandscapeRight";
				INFOPLIST_KEY_UISupportedInterfaceOrientations_iPhone = "UIInterfaceOrientationPortrait UIInterfaceOrientationLandscapeLeft UIInterfaceOrientationLandscapeRight";
				IPHONEOS_DEPLOYMENT_TARGET = 15.0;
				LD_RUNPATH_SEARCH_PATHS = (
					"$(inherited)",
					"@executable_path/Frameworks",
				);
				MARKETING_VERSION = 1.0;
				PRODUCT_BUNDLE_IDENTIFIER = com.meng.SesacJandi;
				PRODUCT_NAME = "$(TARGET_NAME)";
				SWIFT_EMIT_LOC_STRINGS = YES;
				SWIFT_VERSION = 5.0;
				TARGETED_DEVICE_FAMILY = 1;
			};
			name = Debug;
		};
		BB2C33932782BDB300F48F26 /* Release */ = {
			isa = XCBuildConfiguration;
			buildSettings = {
				ASSETCATALOG_COMPILER_APPICON_NAME = AppIcon;
				ASSETCATALOG_COMPILER_GLOBAL_ACCENT_COLOR_NAME = AccentColor;
				CODE_SIGN_STYLE = Automatic;
				CURRENT_PROJECT_VERSION = 1;
				DEVELOPMENT_TEAM = UJW8376355;
				GENERATE_INFOPLIST_FILE = YES;
				INFOPLIST_FILE = SesacJandi/Info.plist;
				INFOPLIST_KEY_UIApplicationSupportsIndirectInputEvents = YES;
				INFOPLIST_KEY_UILaunchStoryboardName = LaunchScreen;
				INFOPLIST_KEY_UISupportedInterfaceOrientations = UIInterfaceOrientationPortrait;
				INFOPLIST_KEY_UISupportedInterfaceOrientations_iPad = "UIInterfaceOrientationPortrait UIInterfaceOrientationPortraitUpsideDown UIInterfaceOrientationLandscapeLeft UIInterfaceOrientationLandscapeRight";
				INFOPLIST_KEY_UISupportedInterfaceOrientations_iPhone = "UIInterfaceOrientationPortrait UIInterfaceOrientationLandscapeLeft UIInterfaceOrientationLandscapeRight";
				IPHONEOS_DEPLOYMENT_TARGET = 15.0;
				LD_RUNPATH_SEARCH_PATHS = (
					"$(inherited)",
					"@executable_path/Frameworks",
				);
				MARKETING_VERSION = 1.0;
				PRODUCT_BUNDLE_IDENTIFIER = com.meng.SesacJandi;
				PRODUCT_NAME = "$(TARGET_NAME)";
				SWIFT_EMIT_LOC_STRINGS = YES;
				SWIFT_VERSION = 5.0;
				TARGETED_DEVICE_FAMILY = 1;
			};
			name = Release;
		};
/* End XCBuildConfiguration section */

/* Begin XCConfigurationList section */
		BB2C33782782BDB200F48F26 /* Build configuration list for PBXProject "SesacJandi" */ = {
			isa = XCConfigurationList;
			buildConfigurations = (
				BB2C338F2782BDB300F48F26 /* Debug */,
				BB2C33902782BDB300F48F26 /* Release */,
			);
			defaultConfigurationIsVisible = 0;
			defaultConfigurationName = Release;
		};
		BB2C33912782BDB300F48F26 /* Build configuration list for PBXNativeTarget "SesacJandi" */ = {
			isa = XCConfigurationList;
			buildConfigurations = (
				BB2C33922782BDB300F48F26 /* Debug */,
				BB2C33932782BDB300F48F26 /* Release */,
			);
			defaultConfigurationIsVisible = 0;
			defaultConfigurationName = Release;
		};
/* End XCConfigurationList section */

/* Begin XCRemoteSwiftPackageReference section */
		BB2C33952782C08400F48F26 /* XCRemoteSwiftPackageReference "SnapKit" */ = {
			isa = XCRemoteSwiftPackageReference;
			repositoryURL = "https://github.com/SnapKit/SnapKit.git";
			requirement = {
				kind = upToNextMajorVersion;
				minimumVersion = 5.0.0;
			};
		};
		BB2C33BF278363D000F48F26 /* XCRemoteSwiftPackageReference "RxSwift" */ = {
			isa = XCRemoteSwiftPackageReference;
			repositoryURL = "https://github.com/ReactiveX/RxSwift.git";
			requirement = {
				kind = upToNextMajorVersion;
				minimumVersion = 6.0.0;
			};
		};
		BB2C33FB2784A07800F48F26 /* XCRemoteSwiftPackageReference "Moya" */ = {
			isa = XCRemoteSwiftPackageReference;
			repositoryURL = "https://github.com/Moya/Moya.git";
			requirement = {
				kind = upToNextMajorVersion;
				minimumVersion = 15.0.0;
			};
		};
		BBD9FBD027858D7300D755D5 /* XCRemoteSwiftPackageReference "Toast-Swift" */ = {
			isa = XCRemoteSwiftPackageReference;
			repositoryURL = "https://github.com/scalessec/Toast-Swift";
			requirement = {
				branch = master;
				kind = branch;
			};
		};
/* End XCRemoteSwiftPackageReference section */

/* Begin XCSwiftPackageProductDependency section */
		BB2C33962782C08400F48F26 /* SnapKit */ = {
			isa = XCSwiftPackageProductDependency;
			package = BB2C33952782C08400F48F26 /* XCRemoteSwiftPackageReference "SnapKit" */;
			productName = SnapKit;
		};
		BB2C33C0278363D000F48F26 /* RxCocoa */ = {
			isa = XCSwiftPackageProductDependency;
			package = BB2C33BF278363D000F48F26 /* XCRemoteSwiftPackageReference "RxSwift" */;
			productName = RxCocoa;
		};
		BB2C33C2278363D000F48F26 /* RxRelay */ = {
			isa = XCSwiftPackageProductDependency;
			package = BB2C33BF278363D000F48F26 /* XCRemoteSwiftPackageReference "RxSwift" */;
			productName = RxRelay;
		};
		BB2C33C4278363D000F48F26 /* RxSwift */ = {
			isa = XCSwiftPackageProductDependency;
			package = BB2C33BF278363D000F48F26 /* XCRemoteSwiftPackageReference "RxSwift" */;
			productName = RxSwift;
		};
		BB2C33FC2784A07800F48F26 /* RxMoya */ = {
			isa = XCSwiftPackageProductDependency;
			package = BB2C33FB2784A07800F48F26 /* XCRemoteSwiftPackageReference "Moya" */;
			productName = RxMoya;
		};
		BBD9FBD127858D7300D755D5 /* Toast */ = {
			isa = XCSwiftPackageProductDependency;
			package = BBD9FBD027858D7300D755D5 /* XCRemoteSwiftPackageReference "Toast-Swift" */;
			productName = Toast;
		};
/* End XCSwiftPackageProductDependency section */
	};
	rootObject = BB2C33752782BDB200F48F26 /* Project object */;
}
